
Microsoft Visual Studio Solution File, Format Version 12.00
# Visual Studio Version 17
VisualStudioVersion = 17.0.31521.260
MinimumVisualStudioVersion = 10.0.40219.1
Project("{FAE04EC0-301F-11D3-BF4B-00C04F79EFBC}") = "AgileDelegateCleaner", "AgileDelegateCleaner\AgileDelegateCleaner.csproj", "{72683BDC-15FC-4BE8-B8E1-809191B571D1}"
EndProject
Project("{9A19103F-16F7-4668-BE54-9A1E7A4F7556}") = "Echo.Platforms.AsmResolver", "Echo\src\Platforms\Echo.Platforms.AsmResolver\Echo.Platforms.AsmResolver.csproj", "{3AB647FB-FC79-4F30-AC98-2CEAA49AEA23}"
EndProject
Project("{9A19103F-16F7-4668-BE54-9A1E7A4F7556}") = "Echo.DataFlow", "Echo\src\Core\Echo.DataFlow\Echo.DataFlow.csproj", "{BF31C514-40FF-43C9-BF4B-8DF4D2C49875}"
EndProject
Project("{9A19103F-16F7-4668-BE54-9A1E7A4F7556}") = "Echo.Core", "Echo\src\Core\Echo.Core\Echo.Core.csproj", "{71C6E4B7-1A5E-48CE-83AD-015F5E315739}"
EndProject
Project("{9A19103F-16F7-4668-BE54-9A1E7A4F7556}") = "Echo.ControlFlow", "Echo\src\Core\Echo.ControlFlow\Echo.ControlFlow.csproj", "{C14BD5F9-CA76-4E90-8BF6-FB0A121F9EE2}"
EndProject
Project("{9A19103F-16F7-4668-BE54-9A1E7A4F7556}") = "Echo.Concrete", "Echo\src\Core\Echo.Concrete\Echo.Concrete.csproj", "{D34E7E49-EBA9-4092-B30A-2A6D3C5BFCBD}"
EndProject
Global
	GlobalSection(SolutionConfigurationPlatforms) = preSolution
		Debug|Any CPU = Debug|Any CPU
		Release|Any CPU = Release|Any CPU
	EndGlobalSection
	GlobalSection(ProjectConfigurationPlatforms) = postSolution
		{72683BDC-15FC-4BE8-B8E1-809191B571D1}.Debug|Any CPU.ActiveCfg = Debug|Any CPU
		{72683BDC-15FC-4BE8-B8E1-809191B571D1}.Debug|Any CPU.Build.0 = Debug|Any CPU
		{72683BDC-15FC-4BE8-B8E1-809191B571D1}.Release|Any CPU.ActiveCfg = Release|Any CPU
		{72683BDC-15FC-4BE8-B8E1-809191B571D1}.Release|Any CPU.Build.0 = Release|Any CPU
		{3AB647FB-FC79-4F30-AC98-2CEAA49AEA23}.Debug|Any CPU.ActiveCfg = Debug|Any CPU
		{3AB647FB-FC79-4F30-AC98-2CEAA49AEA23}.Debug|Any CPU.Build.0 = Debug|Any CPU
		{3AB647FB-FC79-4F30-AC98-2CEAA49AEA23}.Release|Any CPU.ActiveCfg = Release|Any CPU
		{3AB647FB-FC79-4F30-AC98-2CEAA49AEA23}.Release|Any CPU.Build.0 = Release|Any CPU
		{BF31C514-40FF-43C9-BF4B-8DF4D2C49875}.Debug|Any CPU.ActiveCfg = Debug|Any CPU
		{BF31C514-40FF-43C9-BF4B-8DF4D2C49875}.Debug|Any CPU.Build.0 = Debug|Any CPU
		{BF31C514-40FF-43C9-BF4B-8DF4D2C49875}.Release|Any CPU.ActiveCfg = Release|Any CPU
		{BF31C514-40FF-43C9-BF4B-8DF4D2C49875}.Release|Any CPU.Build.0 = Release|Any CPU
		{71C6E4B7-1A5E-48CE-83AD-015F5E315739}.Debug|Any CPU.ActiveCfg = Debug|Any CPU
		{71C6E4B7-1A5E-48CE-83AD-015F5E315739}.Debug|Any CPU.Build.0 = Debug|Any CPU
		{71C6E4B7-1A5E-48CE-83AD-015F5E315739}.Release|Any CPU.ActiveCfg = Release|Any CPU
		{71C6E4B7-1A5E-48CE-83AD-015F5E315739}.Release|Any CPU.Build.0 = Release|Any CPU
		{C14BD5F9-CA76-4E90-8BF6-FB0A121F9EE2}.Debug|Any CPU.ActiveCfg = Debug|Any CPU
		{C14BD5F9-CA76-4E90-8BF6-FB0A121F9EE2}.Debug|Any CPU.Build.0 = Debug|Any CPU
		{C14BD5F9-CA76-4E90-8BF6-FB0A121F9EE2}.Release|Any CPU.ActiveCfg = Release|Any CPU
		{C14BD5F9-CA76-4E90-8BF6-FB0A121F9EE2}.Release|Any CPU.Build.0 = Release|Any CPU
		{D34E7E49-EBA9-4092-B30A-2A6D3C5BFCBD}.Debug|Any CPU.ActiveCfg = Debug|Any CPU
		{D34E7E49-EBA9-4092-B30A-2A6D3C5BFCBD}.Debug|Any CPU.Build.0 = Debug|Any CPU
		{D34E7E49-EBA9-4092-B30A-2A6D3C5BFCBD}.Release|Any CPU.ActiveCfg = Release|Any CPU
		{D34E7E49-EBA9-4092-B30A-2A6D3C5BFCBD}.Release|Any CPU.Build.0 = Release|Any CPU
	EndGlobalSection
	GlobalSection(SolutionProperties) = preSolution
		HideSolutionNode = FALSE
	EndGlobalSection
	GlobalSection(ExtensibilityGlobals) = postSolution
		SolutionGuid = {535EC116-BD76-464A-B90B-BEEB199E642B}
	EndGlobalSection
EndGlobal
